
Microsoft Visual Studio Solution File, Format Version 12.00
# Visual Studio Version 17
VisualStudioVersion = 17.0.31903.59
MinimumVisualStudioVersion = 10.0.40219.1
Project("{FAE04EC0-301F-11D3-BF4B-00C04F79EFBC}") = "ROIOntologyClass", "ROIOntologyClass\ROIOntologyClass.csproj", "{E9879676-933E-407B-8DA6-9C3DD81FD932}"
EndProject
Project("{FAE04EC0-301F-11D3-BF4B-00C04F79EFBC}") = "TemplateSync", "TemplateSync\TemplateSync.csproj", "{98FBDFC2-8AD2-48C9-90E9-83297C0BE559}"
EndProject
Project("{FAE04EC0-301F-11D3-BF4B-00C04F79EFBC}") = "DicomTemplateCore", "DicomTemplateCore\DicomTemplateCore.csproj", "{B2FB9D3C-4278-4348-B592-20848DB7C738}"
EndProject
Project("{FAE04EC0-301F-11D3-BF4B-00C04F79EFBC}") = "DicomTemplateMakerGUI", "DicomTemplateMakerGUI\DicomTemplateMakerGUI.csproj", "{2F2F0ACD-64F4-4F3B-AB1F-1F633AC2DC96}"
EndProject
Project("{FAE04EC0-301F-11D3-BF4B-00C04F79EFBC}") = "DicomTemplateMakerCSharp", "DicomTemplateMakerCSharp\DicomTemplateMakerCSharp.csproj", "{8CB01058-EDD4-4041-98D4-E05855EFA2A0}"
EndProject
Project("{FAE04EC0-301F-11D3-BF4B-00C04F79EFBC}") = "CleaningRTStructureCsharp", "CleaningRTStructureCsharp\CleaningRTStructureCsharp.csproj", "{59069B5F-8E63-4BDB-9EBB-15E9E8449708}"
EndProject
Project("{FAE04EC0-301F-11D3-BF4B-00C04F79EFBC}") = "XamlMakerCsharp", "Xaml_Maker\XamlMakerCsharp\XamlMakerCsharp.csproj", "{69D1983A-E83A-48E4-982F-197CD3573AEF}"
EndProject
Project("{FAE04EC0-301F-11D3-BF4B-00C04F79EFBC}") = "TemplateSnapshotTool", "TemplateSnapshotTool\TemplateSnapshotTool.csproj", "{56C87ACD-F853-4D38-A0B6-5E1464D7C3D2}"
EndProject
Project("{2150E333-8FDC-42A3-9474-1A3956D46DE8}") = "tests", "tests", "{0AB3BF05-4346-4AA6-1389-037BE0695223}"
EndProject
Project("{FAE04EC0-301F-11D3-BF4B-00C04F79EFBC}") = "TemplateSync.Tests", "TemplateSync.Tests\TemplateSync.Tests.csproj", "{105C0812-CA65-4B58-BB26-B6FFB1074719}"
EndProject
Project("{FAE04EC0-301F-11D3-BF4B-00C04F79EFBC}") = "DicomTemplateCore.Tests", "DicomTemplateCore.Tests\DicomTemplateCore.Tests.csproj", "{F48E87E2-00C3-4067-BE48-F3E6CE6FB55A}"
EndProject
Project("{FAE04EC0-301F-11D3-BF4B-00C04F79EFBC}") = "DicomTemplateMaker.Presentation", "DicomTemplateMaker.Presentation\DicomTemplateMaker.Presentation.csproj", "{4342A565-F577-486F-8097-AD8083A98257}"
EndProject
Project("{FAE04EC0-301F-11D3-BF4B-00C04F79EFBC}") = "DicomTemplateMaker.Presentation.Tests", "DicomTemplateMaker.Presentation.Tests\DicomTemplateMaker.Presentation.Tests.csproj", "{88557402-988D-4F2C-A2CF-26AFEFF7345C}"
EndProject
Global
	GlobalSection(SolutionConfigurationPlatforms) = preSolution
		Debug|Any CPU = Debug|Any CPU
		Debug|x64 = Debug|x64
		Debug|x86 = Debug|x86
		Release|Any CPU = Release|Any CPU
		Release|x64 = Release|x64
		Release|x86 = Release|x86
	EndGlobalSection
	GlobalSection(ProjectConfigurationPlatforms) = postSolution
		{E9879676-933E-407B-8DA6-9C3DD81FD932}.Debug|Any CPU.ActiveCfg = Debug|Any CPU
		{E9879676-933E-407B-8DA6-9C3DD81FD932}.Debug|Any CPU.Build.0 = Debug|Any CPU
		{E9879676-933E-407B-8DA6-9C3DD81FD932}.Debug|x64.ActiveCfg = Debug|Any CPU
		{E9879676-933E-407B-8DA6-9C3DD81FD932}.Debug|x64.Build.0 = Debug|Any CPU
		{E9879676-933E-407B-8DA6-9C3DD81FD932}.Debug|x86.ActiveCfg = Debug|Any CPU
		{E9879676-933E-407B-8DA6-9C3DD81FD932}.Debug|x86.Build.0 = Debug|Any CPU
		{E9879676-933E-407B-8DA6-9C3DD81FD932}.Release|Any CPU.ActiveCfg = Release|Any CPU
		{E9879676-933E-407B-8DA6-9C3DD81FD932}.Release|Any CPU.Build.0 = Release|Any CPU
		{E9879676-933E-407B-8DA6-9C3DD81FD932}.Release|x64.ActiveCfg = Release|Any CPU
		{E9879676-933E-407B-8DA6-9C3DD81FD932}.Release|x64.Build.0 = Release|Any CPU
		{E9879676-933E-407B-8DA6-9C3DD81FD932}.Release|x86.ActiveCfg = Release|Any CPU
		{E9879676-933E-407B-8DA6-9C3DD81FD932}.Release|x86.Build.0 = Release|Any CPU
		{98FBDFC2-8AD2-48C9-90E9-83297C0BE559}.Debug|Any CPU.ActiveCfg = Debug|Any CPU
		{98FBDFC2-8AD2-48C9-90E9-83297C0BE559}.Debug|Any CPU.Build.0 = Debug|Any CPU
		{98FBDFC2-8AD2-48C9-90E9-83297C0BE559}.Debug|x64.ActiveCfg = Debug|Any CPU
		{98FBDFC2-8AD2-48C9-90E9-83297C0BE559}.Debug|x64.Build.0 = Debug|Any CPU
		{98FBDFC2-8AD2-48C9-90E9-83297C0BE559}.Debug|x86.ActiveCfg = Debug|Any CPU
		{98FBDFC2-8AD2-48C9-90E9-83297C0BE559}.Debug|x86.Build.0 = Debug|Any CPU
		{98FBDFC2-8AD2-48C9-90E9-83297C0BE559}.Release|Any CPU.ActiveCfg = Release|Any CPU
		{98FBDFC2-8AD2-48C9-90E9-83297C0BE559}.Release|Any CPU.Build.0 = Release|Any CPU
		{98FBDFC2-8AD2-48C9-90E9-83297C0BE559}.Release|x64.ActiveCfg = Release|Any CPU
		{98FBDFC2-8AD2-48C9-90E9-83297C0BE559}.Release|x64.Build.0 = Release|Any CPU
		{98FBDFC2-8AD2-48C9-90E9-83297C0BE559}.Release|x86.ActiveCfg = Release|Any CPU
		{98FBDFC2-8AD2-48C9-90E9-83297C0BE559}.Release|x86.Build.0 = Release|Any CPU
		{B2FB9D3C-4278-4348-B592-20848DB7C738}.Debug|Any CPU.ActiveCfg = Debug|Any CPU
		{B2FB9D3C-4278-4348-B592-20848DB7C738}.Debug|Any CPU.Build.0 = Debug|Any CPU
		{B2FB9D3C-4278-4348-B592-20848DB7C738}.Debug|x64.ActiveCfg = Debug|Any CPU
		{B2FB9D3C-4278-4348-B592-20848DB7C738}.Debug|x64.Build.0 = Debug|Any CPU
		{B2FB9D3C-4278-4348-B592-20848DB7C738}.Debug|x86.ActiveCfg = Debug|Any CPU
		{B2FB9D3C-4278-4348-B592-20848DB7C738}.Debug|x86.Build.0 = Debug|Any CPU
		{B2FB9D3C-4278-4348-B592-20848DB7C738}.Release|Any CPU.ActiveCfg = Release|Any CPU
		{B2FB9D3C-4278-4348-B592-20848DB7C738}.Release|Any CPU.Build.0 = Release|Any CPU
		{B2FB9D3C-4278-4348-B592-20848DB7C738}.Release|x64.ActiveCfg = Release|Any CPU
		{B2FB9D3C-4278-4348-B592-20848DB7C738}.Release|x64.Build.0 = Release|Any CPU
		{B2FB9D3C-4278-4348-B592-20848DB7C738}.Release|x86.ActiveCfg = Release|Any CPU
		{B2FB9D3C-4278-4348-B592-20848DB7C738}.Release|x86.Build.0 = Release|Any CPU
		{2F2F0ACD-64F4-4F3B-AB1F-1F633AC2DC96}.Debug|Any CPU.ActiveCfg = Debug|Any CPU
		{2F2F0ACD-64F4-4F3B-AB1F-1F633AC2DC96}.Debug|Any CPU.Build.0 = Debug|Any CPU
		{2F2F0ACD-64F4-4F3B-AB1F-1F633AC2DC96}.Debug|x64.ActiveCfg = Debug|Any CPU
		{2F2F0ACD-64F4-4F3B-AB1F-1F633AC2DC96}.Debug|x64.Build.0 = Debug|Any CPU
		{2F2F0ACD-64F4-4F3B-AB1F-1F633AC2DC96}.Debug|x86.ActiveCfg = Debug|Any CPU
		{2F2F0ACD-64F4-4F3B-AB1F-1F633AC2DC96}.Debug|x86.Build.0 = Debug|Any CPU
		{2F2F0ACD-64F4-4F3B-AB1F-1F633AC2DC96}.Release|Any CPU.ActiveCfg = Release|Any CPU
		{2F2F0ACD-64F4-4F3B-AB1F-1F633AC2DC96}.Release|Any CPU.Build.0 = Release|Any CPU
		{2F2F0ACD-64F4-4F3B-AB1F-1F633AC2DC96}.Release|x64.ActiveCfg = Release|Any CPU
		{2F2F0ACD-64F4-4F3B-AB1F-1F633AC2DC96}.Release|x64.Build.0 = Release|Any CPU
		{2F2F0ACD-64F4-4F3B-AB1F-1F633AC2DC96}.Release|x86.ActiveCfg = Release|Any CPU
		{2F2F0ACD-64F4-4F3B-AB1F-1F633AC2DC96}.Release|x86.Build.0 = Release|Any CPU
		{8CB01058-EDD4-4041-98D4-E05855EFA2A0}.Debug|Any CPU.ActiveCfg = Debug|Any CPU
		{8CB01058-EDD4-4041-98D4-E05855EFA2A0}.Debug|Any CPU.Build.0 = Debug|Any CPU
		{8CB01058-EDD4-4041-98D4-E05855EFA2A0}.Debug|x64.ActiveCfg = Debug|Any CPU
		{8CB01058-EDD4-4041-98D4-E05855EFA2A0}.Debug|x64.Build.0 = Debug|Any CPU
		{8CB01058-EDD4-4041-98D4-E05855EFA2A0}.Debug|x86.ActiveCfg = Debug|Any CPU
		{8CB01058-EDD4-4041-98D4-E05855EFA2A0}.Debug|x86.Build.0 = Debug|Any CPU
		{8CB01058-EDD4-4041-98D4-E05855EFA2A0}.Release|Any CPU.ActiveCfg = Release|Any CPU
		{8CB01058-EDD4-4041-98D4-E05855EFA2A0}.Release|Any CPU.Build.0 = Release|Any CPU
		{8CB01058-EDD4-4041-98D4-E05855EFA2A0}.Release|x64.ActiveCfg = Release|Any CPU
		{8CB01058-EDD4-4041-98D4-E05855EFA2A0}.Release|x64.Build.0 = Release|Any CPU
		{8CB01058-EDD4-4041-98D4-E05855EFA2A0}.Release|x86.ActiveCfg = Release|Any CPU
		{8CB01058-EDD4-4041-98D4-E05855EFA2A0}.Release|x86.Build.0 = Release|Any CPU
		{59069B5F-8E63-4BDB-9EBB-15E9E8449708}.Debug|Any CPU.ActiveCfg = Debug|Any CPU
		{59069B5F-8E63-4BDB-9EBB-15E9E8449708}.Debug|Any CPU.Build.0 = Debug|Any CPU
		{59069B5F-8E63-4BDB-9EBB-15E9E8449708}.Debug|x64.ActiveCfg = Debug|Any CPU
		{59069B5F-8E63-4BDB-9EBB-15E9E8449708}.Debug|x64.Build.0 = Debug|Any CPU
		{59069B5F-8E63-4BDB-9EBB-15E9E8449708}.Debug|x86.ActiveCfg = Debug|Any CPU
		{59069B5F-8E63-4BDB-9EBB-15E9E8449708}.Debug|x86.Build.0 = Debug|Any CPU
		{59069B5F-8E63-4BDB-9EBB-15E9E8449708}.Release|Any CPU.ActiveCfg = Release|Any CPU
		{59069B5F-8E63-4BDB-9EBB-15E9E8449708}.Release|Any CPU.Build.0 = Release|Any CPU
		{59069B5F-8E63-4BDB-9EBB-15E9E8449708}.Release|x64.ActiveCfg = Release|Any CPU
		{59069B5F-8E63-4BDB-9EBB-15E9E8449708}.Release|x64.Build.0 = Release|Any CPU
		{59069B5F-8E63-4BDB-9EBB-15E9E8449708}.Release|x86.ActiveCfg = Release|Any CPU
		{59069B5F-8E63-4BDB-9EBB-15E9E8449708}.Release|x86.Build.0 = Release|Any CPU
		{69D1983A-E83A-48E4-982F-197CD3573AEF}.Debug|Any CPU.ActiveCfg = Debug|Any CPU
		{69D1983A-E83A-48E4-982F-197CD3573AEF}.Debug|Any CPU.Build.0 = Debug|Any CPU
		{69D1983A-E83A-48E4-982F-197CD3573AEF}.Debug|x64.ActiveCfg = Debug|Any CPU
		{69D1983A-E83A-48E4-982F-197CD3573AEF}.Debug|x64.Build.0 = Debug|Any CPU
		{69D1983A-E83A-48E4-982F-197CD3573AEF}.Debug|x86.ActiveCfg = Debug|Any CPU
		{69D1983A-E83A-48E4-982F-197CD3573AEF}.Debug|x86.Build.0 = Debug|Any CPU
		{69D1983A-E83A-48E4-982F-197CD3573AEF}.Release|Any CPU.ActiveCfg = Release|Any CPU
		{69D1983A-E83A-48E4-982F-197CD3573AEF}.Release|Any CPU.Build.0 = Release|Any CPU
		{69D1983A-E83A-48E4-982F-197CD3573AEF}.Release|x64.ActiveCfg = Release|Any CPU
		{69D1983A-E83A-48E4-982F-197CD3573AEF}.Release|x64.Build.0 = Release|Any CPU
		{69D1983A-E83A-48E4-982F-197CD3573AEF}.Release|x86.ActiveCfg = Release|Any CPU
		{69D1983A-E83A-48E4-982F-197CD3573AEF}.Release|x86.Build.0 = Release|Any CPU
		{56C87ACD-F853-4D38-A0B6-5E1464D7C3D2}.Debug|Any CPU.ActiveCfg = Debug|Any CPU
		{56C87ACD-F853-4D38-A0B6-5E1464D7C3D2}.Debug|Any CPU.Build.0 = Debug|Any CPU
		{56C87ACD-F853-4D38-A0B6-5E1464D7C3D2}.Debug|x64.ActiveCfg = Debug|Any CPU
		{56C87ACD-F853-4D38-A0B6-5E1464D7C3D2}.Debug|x64.Build.0 = Debug|Any CPU
		{56C87ACD-F853-4D38-A0B6-5E1464D7C3D2}.Debug|x86.ActiveCfg = Debug|Any CPU
		{56C87ACD-F853-4D38-A0B6-5E1464D7C3D2}.Debug|x86.Build.0 = Debug|Any CPU
		{56C87ACD-F853-4D38-A0B6-5E1464D7C3D2}.Release|Any CPU.ActiveCfg = Release|Any CPU
		{56C87ACD-F853-4D38-A0B6-5E1464D7C3D2}.Release|Any CPU.Build.0 = Release|Any CPU
		{56C87ACD-F853-4D38-A0B6-5E1464D7C3D2}.Release|x64.ActiveCfg = Release|Any CPU
		{56C87ACD-F853-4D38-A0B6-5E1464D7C3D2}.Release|x64.Build.0 = Release|Any CPU
		{56C87ACD-F853-4D38-A0B6-5E1464D7C3D2}.Release|x86.ActiveCfg = Release|Any CPU
		{56C87ACD-F853-4D38-A0B6-5E1464D7C3D2}.Release|x86.Build.0 = Release|Any CPU
		{105C0812-CA65-4B58-BB26-B6FFB1074719}.Debug|Any CPU.ActiveCfg = Debug|Any CPU
		{105C0812-CA65-4B58-BB26-B6FFB1074719}.Debug|Any CPU.Build.0 = Debug|Any CPU
		{105C0812-CA65-4B58-BB26-B6FFB1074719}.Debug|x64.ActiveCfg = Debug|Any CPU
		{105C0812-CA65-4B58-BB26-B6FFB1074719}.Debug|x64.Build.0 = Debug|Any CPU
		{105C0812-CA65-4B58-BB26-B6FFB1074719}.Debug|x86.ActiveCfg = Debug|Any CPU
		{105C0812-CA65-4B58-BB26-B6FFB1074719}.Debug|x86.Build.0 = Debug|Any CPU
		{105C0812-CA65-4B58-BB26-B6FFB1074719}.Release|Any CPU.ActiveCfg = Release|Any CPU
		{105C0812-CA65-4B58-BB26-B6FFB1074719}.Release|Any CPU.Build.0 = Release|Any CPU
		{105C0812-CA65-4B58-BB26-B6FFB1074719}.Release|x64.ActiveCfg = Release|Any CPU
		{105C0812-CA65-4B58-BB26-B6FFB1074719}.Release|x64.Build.0 = Release|Any CPU
		{105C0812-CA65-4B58-BB26-B6FFB1074719}.Release|x86.ActiveCfg = Release|Any CPU
		{105C0812-CA65-4B58-BB26-B6FFB1074719}.Release|x86.Build.0 = Release|Any CPU
		{F48E87E2-00C3-4067-BE48-F3E6CE6FB55A}.Debug|Any CPU.ActiveCfg = Debug|Any CPU
		{F48E87E2-00C3-4067-BE48-F3E6CE6FB55A}.Debug|Any CPU.Build.0 = Debug|Any CPU
		{F48E87E2-00C3-4067-BE48-F3E6CE6FB55A}.Debug|x64.ActiveCfg = Debug|Any CPU
		{F48E87E2-00C3-4067-BE48-F3E6CE6FB55A}.Debug|x64.Build.0 = Debug|Any CPU
		{F48E87E2-00C3-4067-BE48-F3E6CE6FB55A}.Debug|x86.ActiveCfg = Debug|Any CPU
		{F48E87E2-00C3-4067-BE48-F3E6CE6FB55A}.Debug|x86.Build.0 = Debug|Any CPU
		{F48E87E2-00C3-4067-BE48-F3E6CE6FB55A}.Release|Any CPU.ActiveCfg = Release|Any CPU
		{F48E87E2-00C3-4067-BE48-F3E6CE6FB55A}.Release|Any CPU.Build.0 = Release|Any CPU
		{F48E87E2-00C3-4067-BE48-F3E6CE6FB55A}.Release|x64.ActiveCfg = Release|Any CPU
		{F48E87E2-00C3-4067-BE48-F3E6CE6FB55A}.Release|x64.Build.0 = Release|Any CPU
		{F48E87E2-00C3-4067-BE48-F3E6CE6FB55A}.Release|x86.ActiveCfg = Release|Any CPU
		{F48E87E2-00C3-4067-BE48-F3E6CE6FB55A}.Release|x86.Build.0 = Release|Any CPU
		{4342A565-F577-486F-8097-AD8083A98257}.Debug|Any CPU.ActiveCfg = Debug|Any CPU
		{4342A565-F577-486F-8097-AD8083A98257}.Debug|Any CPU.Build.0 = Debug|Any CPU
		{4342A565-F577-486F-8097-AD8083A98257}.Debug|x64.ActiveCfg = Debug|Any CPU
		{4342A565-F577-486F-8097-AD8083A98257}.Debug|x64.Build.0 = Debug|Any CPU
		{4342A565-F577-486F-8097-AD8083A98257}.Debug|x86.ActiveCfg = Debug|Any CPU
		{4342A565-F577-486F-8097-AD8083A98257}.Debug|x86.Build.0 = Debug|Any CPU
		{4342A565-F577-486F-8097-AD8083A98257}.Release|Any CPU.ActiveCfg = Release|Any CPU
		{4342A565-F577-486F-8097-AD8083A98257}.Release|Any CPU.Build.0 = Release|Any CPU
		{4342A565-F577-486F-8097-AD8083A98257}.Release|x64.ActiveCfg = Release|Any CPU
		{4342A565-F577-486F-8097-AD8083A98257}.Release|x64.Build.0 = Release|Any CPU
		{4342A565-F577-486F-8097-AD8083A98257}.Release|x86.ActiveCfg = Release|Any CPU
		{4342A565-F577-486F-8097-AD8083A98257}.Release|x86.Build.0 = Release|Any CPU
		{88557402-988D-4F2C-A2CF-26AFEFF7345C}.Debug|Any CPU.ActiveCfg = Debug|Any CPU
		{88557402-988D-4F2C-A2CF-26AFEFF7345C}.Debug|Any CPU.Build.0 = Debug|Any CPU
		{88557402-988D-4F2C-A2CF-26AFEFF7345C}.Debug|x64.ActiveCfg = Debug|Any CPU
		{88557402-988D-4F2C-A2CF-26AFEFF7345C}.Debug|x64.Build.0 = Debug|Any CPU
		{88557402-988D-4F2C-A2CF-26AFEFF7345C}.Debug|x86.ActiveCfg = Debug|Any CPU
		{88557402-988D-4F2C-A2CF-26AFEFF7345C}.Debug|x86.Build.0 = Debug|Any CPU
		{88557402-988D-4F2C-A2CF-26AFEFF7345C}.Release|Any CPU.ActiveCfg = Release|Any CPU
		{88557402-988D-4F2C-A2CF-26AFEFF7345C}.Release|Any CPU.Build.0 = Release|Any CPU
		{88557402-988D-4F2C-A2CF-26AFEFF7345C}.Release|x64.ActiveCfg = Release|Any CPU
		{88557402-988D-4F2C-A2CF-26AFEFF7345C}.Release|x64.Build.0 = Release|Any CPU
		{88557402-988D-4F2C-A2CF-26AFEFF7345C}.Release|x86.ActiveCfg = Release|Any CPU
		{88557402-988D-4F2C-A2CF-26AFEFF7345C}.Release|x86.Build.0 = Release|Any CPU
	EndGlobalSection
	GlobalSection(SolutionProperties) = preSolution
		HideSolutionNode = FALSE
	EndGlobalSection
	GlobalSection(NestedProjects) = preSolution
		{105C0812-CA65-4B58-BB26-B6FFB1074719} = {0AB3BF05-4346-4AA6-1389-037BE0695223}
		{F48E87E2-00C3-4067-BE48-F3E6CE6FB55A} = {0AB3BF05-4346-4AA6-1389-037BE0695223}
		{88557402-988D-4F2C-A2CF-26AFEFF7345C} = {0AB3BF05-4346-4AA6-1389-037BE0695223}
	EndGlobalSection
EndGlobal
